
Microsoft Visual Studio Solution File, Format Version 12.00
# Visual Studio Version 17
VisualStudioVersion = 17.9.34701.34
MinimumVisualStudioVersion = 10.0.40219.1
Project("{FAE04EC0-301F-11D3-BF4B-00C04F79EFBC}") = "PetWorldAPI", "PetWorldAPI\PetWorldAPI.csproj", "{C9BEBF30-17EA-4BF4-AF8C-00ED3E0955EF}"
EndProject
Global
	GlobalSection(SolutionConfigurationPlatforms) = preSolution
		Debug|Any CPU = Debug|Any CPU
		Release|Any CPU = Release|Any CPU
	EndGlobalSection
	GlobalSection(ProjectConfigurationPlatforms) = postSolution
		{C9BEBF30-17EA-4BF4-AF8C-00ED3E0955EF}.Debug|Any CPU.ActiveCfg = Debug|Any CPU
		{C9BEBF30-17EA-4BF4-AF8C-00ED3E0955EF}.Debug|Any CPU.Build.0 = Debug|Any CPU
		{C9BEBF30-17EA-4BF4-AF8C-00ED3E0955EF}.Release|Any CPU.ActiveCfg = Release|Any CPU
		{C9BEBF30-17EA-4BF4-AF8C-00ED3E0955EF}.Release|Any CPU.Build.0 = Release|Any CPU
	EndGlobalSection
	GlobalSection(SolutionProperties) = preSolution
		HideSolutionNode = FALSE
	EndGlobalSection
	GlobalSection(ExtensibilityGlobals) = postSolution
		SolutionGuid = {ECFC2E28-C848-4026-85F1-82D7D4A90F9F}
	EndGlobalSection
EndGlobal
